
Microsoft Visual Studio Solution File, Format Version 12.00
# Visual Studio Version 17
VisualStudioVersion = 17.9.34607.119
MinimumVisualStudioVersion = 10.0.40219.1
Project("{2150E333-8FDC-42A3-9474-1A3956D46DE8}") = "src", "src", "{EFD08378-6DBC-46F0-9E26-A85582815544}"
EndProject
Project("{FAE04EC0-301F-11D3-BF4B-00C04F79EFBC}") = "Atis.Expressions", "src\Atis.Expressions\Atis.Expressions.csproj", "{FB3BDEAE-CD7B-4F97-8206-3668321D3F2D}"
EndProject
Project("{FAE04EC0-301F-11D3-BF4B-00C04F79EFBC}") = "Atis.SqlExpressionEngine", "src\Atis.SqlExpressionEngine\Atis.SqlExpressionEngine.csproj", "{50E3A3D0-10A0-6638-55EA-DC743D9FBF6E}"
EndProject
Project("{FAE04EC0-301F-11D3-BF4B-00C04F79EFBC}") = "Atis.SqlExpressionEngine.UnitTest", "src\Atis.SqlExpressionEngine.UnitTest\Atis.SqlExpressionEngine.UnitTest.csproj", "{5A37F418-7AEB-FC9A-7BB5-5B5E4056072E}"
EndProject
Project("{FAE04EC0-301F-11D3-BF4B-00C04F79EFBC}") = "Atis.Orm", "src\Atis.Orm\Atis.Orm.csproj", "{5DA0D38E-F4B2-44CA-9D7A-6314E416815C}"
EndProject
Project("{FAE04EC0-301F-11D3-BF4B-00C04F79EFBC}") = "Atis.Orm.SqlServer", "src\Atis.Orm.SqlServer\Atis.Orm.SqlServer.csproj", "{73B1ADEE-B67B-423A-8E8A-CF0F4ABFDDC5}"
EndProject
Global
	GlobalSection(SolutionConfigurationPlatforms) = preSolution
		Debug|Any CPU = Debug|Any CPU
		Release|Any CPU = Release|Any CPU
	EndGlobalSection
	GlobalSection(ProjectConfigurationPlatforms) = postSolution
		{FB3BDEAE-CD7B-4F97-8206-3668321D3F2D}.Debug|Any CPU.ActiveCfg = Debug|Any CPU
		{FB3BDEAE-CD7B-4F97-8206-3668321D3F2D}.Debug|Any CPU.Build.0 = Debug|Any CPU
		{FB3BDEAE-CD7B-4F97-8206-3668321D3F2D}.Release|Any CPU.ActiveCfg = Release|Any CPU
		{FB3BDEAE-CD7B-4F97-8206-3668321D3F2D}.Release|Any CPU.Build.0 = Release|Any CPU
		{50E3A3D0-10A0-6638-55EA-DC743D9FBF6E}.Debug|Any CPU.ActiveCfg = Debug|Any CPU
		{50E3A3D0-10A0-6638-55EA-DC743D9FBF6E}.Debug|Any CPU.Build.0 = Debug|Any CPU
		{50E3A3D0-10A0-6638-55EA-DC743D9FBF6E}.Release|Any CPU.ActiveCfg = Release|Any CPU
		{50E3A3D0-10A0-6638-55EA-DC743D9FBF6E}.Release|Any CPU.Build.0 = Release|Any CPU
		{5A37F418-7AEB-FC9A-7BB5-5B5E4056072E}.Debug|Any CPU.ActiveCfg = Debug|Any CPU
		{5A37F418-7AEB-FC9A-7BB5-5B5E4056072E}.Debug|Any CPU.Build.0 = Debug|Any CPU
		{5A37F418-7AEB-FC9A-7BB5-5B5E4056072E}.Release|Any CPU.ActiveCfg = Release|Any CPU
		{5A37F418-7AEB-FC9A-7BB5-5B5E4056072E}.Release|Any CPU.Build.0 = Release|Any CPU
		{5DA0D38E-F4B2-44CA-9D7A-6314E416815C}.Debug|Any CPU.ActiveCfg = Debug|Any CPU
		{5DA0D38E-F4B2-44CA-9D7A-6314E416815C}.Debug|Any CPU.Build.0 = Debug|Any CPU
		{5DA0D38E-F4B2-44CA-9D7A-6314E416815C}.Release|Any CPU.ActiveCfg = Release|Any CPU
		{5DA0D38E-F4B2-44CA-9D7A-6314E416815C}.Release|Any CPU.Build.0 = Release|Any CPU
		{73B1ADEE-B67B-423A-8E8A-CF0F4ABFDDC5}.Debug|Any CPU.ActiveCfg = Debug|Any CPU
		{73B1ADEE-B67B-423A-8E8A-CF0F4ABFDDC5}.Debug|Any CPU.Build.0 = Debug|Any CPU
		{73B1ADEE-B67B-423A-8E8A-CF0F4ABFDDC5}.Release|Any CPU.ActiveCfg = Release|Any CPU
		{73B1ADEE-B67B-423A-8E8A-CF0F4ABFDDC5}.Release|Any CPU.Build.0 = Release|Any CPU
	EndGlobalSection
	GlobalSection(SolutionProperties) = preSolution
		HideSolutionNode = FALSE
	EndGlobalSection
	GlobalSection(NestedProjects) = preSolution
		{FB3BDEAE-CD7B-4F97-8206-3668321D3F2D} = {EFD08378-6DBC-46F0-9E26-A85582815544}
		{50E3A3D0-10A0-6638-55EA-DC743D9FBF6E} = {EFD08378-6DBC-46F0-9E26-A85582815544}
		{5A37F418-7AEB-FC9A-7BB5-5B5E4056072E} = {EFD08378-6DBC-46F0-9E26-A85582815544}
		{5DA0D38E-F4B2-44CA-9D7A-6314E416815C} = {EFD08378-6DBC-46F0-9E26-A85582815544}
		{73B1ADEE-B67B-423A-8E8A-CF0F4ABFDDC5} = {EFD08378-6DBC-46F0-9E26-A85582815544}
	EndGlobalSection
	GlobalSection(ExtensibilityGlobals) = postSolution
		SolutionGuid = {420A767B-CC45-416A-B480-36F1A9569BBE}
	EndGlobalSection
EndGlobal
